
Microsoft Visual Studio Solution File, Format Version 12.00
# Visual Studio Version 17
VisualStudioVersion = 17.3.32929.385
MinimumVisualStudioVersion = 10.0.40219.1
Project("{8BC9CEB8-8B4A-11D0-8D11-00A0C91BC942}") = "Combat_AI_Interpretation", "Combat_AI_Interpretation\Combat_AI_Interpretation.vcxproj", "{F4C4336A-049F-40A1-8F7E-107B5A91B09F}"
EndProject
Project("{8BC9CEB8-8B4A-11D0-8D11-00A0C91BC942}") = "Engine", "Engine\Engine.vcxproj", "{086AA7AB-45ED-4A20-A180-D29D78A13E43}"
EndProject
Project("{8BC9CEB8-8B4A-11D0-8D11-00A0C91BC942}") = "glad", "Engine\3rdparty\glad\glad.vcxproj", "{1E72F213-6818-4389-A4E6-DCEB14A187D3}"
EndProject
Project("{8BC9CEB8-8B4A-11D0-8D11-00A0C91BC942}") = "imgui", "Engine\3rdparty\imgui\imgui.vcxproj", "{9AFF0153-F1E0-4376-8EC6-D65ABEBE9BC8}"
EndProject
Global
	GlobalSection(SolutionConfigurationPlatforms) = preSolution
		Debug|x64 = Debug|x64
		Debug|x86 = Debug|x86
		Release|x64 = Release|x64
		Release|x86 = Release|x86
	EndGlobalSection
	GlobalSection(ProjectConfigurationPlatforms) = postSolution
		{F4C4336A-049F-40A1-8F7E-107B5A91B09F}.Debug|x64.ActiveCfg = Debug|x64
		{F4C4336A-049F-40A1-8F7E-107B5A91B09F}.Debug|x64.Build.0 = Debug|x64
		{F4C4336A-049F-40A1-8F7E-107B5A91B09F}.Debug|x86.ActiveCfg = Debug|x64
		{F4C4336A-049F-40A1-8F7E-107B5A91B09F}.Debug|x86.Build.0 = Debug|x64
		{F4C4336A-049F-40A1-8F7E-107B5A91B09F}.Release|x64.ActiveCfg = Release|x64
		{F4C4336A-049F-40A1-8F7E-107B5A91B09F}.Release|x64.Build.0 = Release|x64
		{F4C4336A-049F-40A1-8F7E-107B5A91B09F}.Release|x86.ActiveCfg = Release|x64
		{F4C4336A-049F-40A1-8F7E-107B5A91B09F}.Release|x86.Build.0 = Release|x64
		{086AA7AB-45ED-4A20-A180-D29D78A13E43}.Debug|x64.ActiveCfg = Debug|x64
		{086AA7AB-45ED-4A20-A180-D29D78A13E43}.Debug|x64.Build.0 = Debug|x64
		{086AA7AB-45ED-4A20-A180-D29D78A13E43}.Debug|x86.ActiveCfg = Debug|x64
		{086AA7AB-45ED-4A20-A180-D29D78A13E43}.Debug|x86.Build.0 = Debug|x64
		{086AA7AB-45ED-4A20-A180-D29D78A13E43}.Release|x64.ActiveCfg = Release|x64
		{086AA7AB-45ED-4A20-A180-D29D78A13E43}.Release|x64.Build.0 = Release|x64
		{086AA7AB-45ED-4A20-A180-D29D78A13E43}.Release|x86.ActiveCfg = Release|x64
		{086AA7AB-45ED-4A20-A180-D29D78A13E43}.Release|x86.Build.0 = Release|x64
		{1E72F213-6818-4389-A4E6-DCEB14A187D3}.Debug|x64.ActiveCfg = Debug|x64
		{1E72F213-6818-4389-A4E6-DCEB14A187D3}.Debug|x64.Build.0 = Debug|x64
		{1E72F213-6818-4389-A4E6-DCEB14A187D3}.Debug|x86.ActiveCfg = Debug|Win32
		{1E72F213-6818-4389-A4E6-DCEB14A187D3}.Debug|x86.Build.0 = Debug|Win32
		{1E72F213-6818-4389-A4E6-DCEB14A187D3}.Release|x64.ActiveCfg = Release|x64
		{1E72F213-6818-4389-A4E6-DCEB14A187D3}.Release|x64.Build.0 = Release|x64
		{1E72F213-6818-4389-A4E6-DCEB14A187D3}.Release|x86.ActiveCfg = Release|Win32
		{1E72F213-6818-4389-A4E6-DCEB14A187D3}.Release|x86.Build.0 = Release|Win32
		{9AFF0153-F1E0-4376-8EC6-D65ABEBE9BC8}.Debug|x64.ActiveCfg = Debug|x64
		{9AFF0153-F1E0-4376-8EC6-D65ABEBE9BC8}.Debug|x64.Build.0 = Debug|x64
		{9AFF0153-F1E0-4376-8EC6-D65ABEBE9BC8}.Debug|x86.ActiveCfg = Debug|Win32
		{9AFF0153-F1E0-4376-8EC6-D65ABEBE9BC8}.Debug|x86.Build.0 = Debug|Win32
		{9AFF0153-F1E0-4376-8EC6-D65ABEBE9BC8}.Release|x64.ActiveCfg = Release|x64
		{9AFF0153-F1E0-4376-8EC6-D65ABEBE9BC8}.Release|x64.Build.0 = Release|x64
		{9AFF0153-F1E0-4376-8EC6-D65ABEBE9BC8}.Release|x86.ActiveCfg = Release|Win32
		{9AFF0153-F1E0-4376-8EC6-D65ABEBE9BC8}.Release|x86.Build.0 = Release|Win32
	EndGlobalSection
	GlobalSection(SolutionProperties) = preSolution
		HideSolutionNode = FALSE
	EndGlobalSection
	GlobalSection(ExtensibilityGlobals) = postSolution
		SolutionGuid = {78DE8BAA-E38A-4F75-98C2-1A4AB086C474}
	EndGlobalSection
EndGlobal
